{
  "name": "lingfeng-cli",
  "version": "1.0.0",
  "lockfileVersion": 2,
  "requires": true,
  "packages": {
    "": {
      "name": "lingfeng-cli",
      "version": "1.0.0",
      "license": "ISC",
      "dependencies": {
        "lingfeng-cli-lib": "^1.0.0"
      },
      "bin": {
        "icli": "bin/index.js"
      }
    },
    "../lingfeng-cli-lib": {
      "version": "1.0.0",
      "extraneous": true,
      "license": "ISC"
    },
    "node_modules/lingfeng-cli-lib": {
      "version": "1.0.0",
      "resolved": "https://registry.npmjs.org/lingfeng-cli-lib/-/lingfeng-cli-lib-1.0.0.tgz",
      "integrity": "sha512-Q6fbzXhiXLoK6JZkdtcwVaHyN6Xy8AZzfUcDK+d21WIgyQx4w/cvTXnAAyuDaysFHFGO4vMRV3lKCFk93zboVw=="
    }
  },
  "dependencies": {
    "lingfeng-cli-lib": {
      "version": "1.0.0",
      "resolved": "https://registry.npmjs.org/lingfeng-cli-lib/-/lingfeng-cli-lib-1.0.0.tgz",
      "integrity": "sha512-Q6fbzXhiXLoK6JZkdtcwVaHyN6Xy8AZzfUcDK+d21WIgyQx4w/cvTXnAAyuDaysFHFGO4vMRV3lKCFk93zboVw=="
    }
  }
}
